
Microsoft Visual Studio Solution File, Format Version 12.00
# Visual Studio 15
VisualStudioVersion = 15.0.27703.2018
MinimumVisualStudioVersion = 10.0.40219.1
Project("{9A19103F-16F7-4668-BE54-9A1E7A4F7556}") = "PropertySetterTest", "PropertySetterTest\PropertySetterTest.csproj", "{39ADEBBA-BD77-4B30-996B-335CBBEBD400}"
EndProject
Project("{2150E333-8FDC-42A3-9474-1A3956D46DE8}") = "Solution Items", "Solution Items", "{FEB5E7DD-CE3E-480B-893C-EC5AB1755293}"
	ProjectSection(SolutionItems) = preProject
		README.md = README.md
	EndProjectSection
EndProject
Global
	GlobalSection(SolutionConfigurationPlatforms) = preSolution
		Debug|Any CPU = Debug|Any CPU
		Release|Any CPU = Release|Any CPU
	EndGlobalSection
	GlobalSection(ProjectConfigurationPlatforms) = postSolution
		{39ADEBBA-BD77-4B30-996B-335CBBEBD400}.Debug|Any CPU.ActiveCfg = Debug|Any CPU
		{39ADEBBA-BD77-4B30-996B-335CBBEBD400}.Debug|Any CPU.Build.0 = Debug|Any CPU
		{39ADEBBA-BD77-4B30-996B-335CBBEBD400}.Release|Any CPU.ActiveCfg = Release|Any CPU
		{39ADEBBA-BD77-4B30-996B-335CBBEBD400}.Release|Any CPU.Build.0 = Release|Any CPU
	EndGlobalSection
	GlobalSection(SolutionProperties) = preSolution
		HideSolutionNode = FALSE
	EndGlobalSection
	GlobalSection(ExtensibilityGlobals) = postSolution
		SolutionGuid = {A837D3E2-2A3A-4734-8F10-B431BE545DE9}
	EndGlobalSection
EndGlobal
